
Microsoft Visual Studio Solution File, Format Version 10.00
# Visual Studio 2008
Project("{FAE04EC0-301F-11D3-BF4B-00C04F79EFBC}") = "NumeroSecreto", "NumeroSecreto\NumeroSecreto.csproj", "{3A498195-1307-4507-BC26-A9D720974404}"
EndProject
Project("{FAE04EC0-301F-11D3-BF4B-00C04F79EFBC}") = "JogoNumeroSecreto", "JogoNumeroSecreto\JogoNumeroSecreto.csproj", "{0AAF5EA9-1EB2-4106-9A57-FC3A913C844E}"
EndProject
Global
	GlobalSection(SolutionConfigurationPlatforms) = preSolution
		Debug|Any CPU = Debug|Any CPU
		Release|Any CPU = Release|Any CPU
	EndGlobalSection
	GlobalSection(ProjectConfigurationPlatforms) = postSolution
		{3A498195-1307-4507-BC26-A9D720974404}.Debug|Any CPU.ActiveCfg = Debug|Any CPU
		{3A498195-1307-4507-BC26-A9D720974404}.Debug|Any CPU.Build.0 = Debug|Any CPU
		{3A498195-1307-4507-BC26-A9D720974404}.Release|Any CPU.ActiveCfg = Release|Any CPU
		{3A498195-1307-4507-BC26-A9D720974404}.Release|Any CPU.Build.0 = Release|Any CPU
		{0AAF5EA9-1EB2-4106-9A57-FC3A913C844E}.Debug|Any CPU.ActiveCfg = Debug|Any CPU
		{0AAF5EA9-1EB2-4106-9A57-FC3A913C844E}.Debug|Any CPU.Build.0 = Debug|Any CPU
		{0AAF5EA9-1EB2-4106-9A57-FC3A913C844E}.Release|Any CPU.ActiveCfg = Release|Any CPU
		{0AAF5EA9-1EB2-4106-9A57-FC3A913C844E}.Release|Any CPU.Build.0 = Release|Any CPU
	EndGlobalSection
	GlobalSection(SolutionProperties) = preSolution
		HideSolutionNode = FALSE
	EndGlobalSection
EndGlobal
