
Microsoft Visual Studio Solution File, Format Version 12.00
# Visual Studio 14
VisualStudioVersion = 14.0.25420.1
MinimumVisualStudioVersion = 10.0.40219.1
Project("{FAE04EC0-301F-11D3-BF4B-00C04F79EFBC}") = "ConsultaClientes", "ConsultaClientes.csproj", "{B0E3E1E4-EA1F-4DE2-99BF-F72C49AF518E}"
EndProject
Project("{FAE04EC0-301F-11D3-BF4B-00C04F79EFBC}") = "LibFWGeral", "..\..\0_Libs\LibFWGeral\LibFWGeral.csproj", "{7B5FF60D-1130-45A7-B7D1-1134480B692E}"
EndProject
Project("{FAE04EC0-301F-11D3-BF4B-00C04F79EFBC}") = "LibPedidosDAL", "..\..\0_Libs\LibPedidosDAL\LibPedidosDAL.csproj", "{9D18CCEE-9708-4158-A719-672137A26168}"
EndProject
Global
	GlobalSection(SolutionConfigurationPlatforms) = preSolution
		Debug|Any CPU = Debug|Any CPU
		Release|Any CPU = Release|Any CPU
	EndGlobalSection
	GlobalSection(ProjectConfigurationPlatforms) = postSolution
		{B0E3E1E4-EA1F-4DE2-99BF-F72C49AF518E}.Debug|Any CPU.ActiveCfg = Debug|Any CPU
		{B0E3E1E4-EA1F-4DE2-99BF-F72C49AF518E}.Debug|Any CPU.Build.0 = Debug|Any CPU
		{B0E3E1E4-EA1F-4DE2-99BF-F72C49AF518E}.Release|Any CPU.ActiveCfg = Release|Any CPU
		{B0E3E1E4-EA1F-4DE2-99BF-F72C49AF518E}.Release|Any CPU.Build.0 = Release|Any CPU
		{7B5FF60D-1130-45A7-B7D1-1134480B692E}.Debug|Any CPU.ActiveCfg = Debug|Any CPU
		{7B5FF60D-1130-45A7-B7D1-1134480B692E}.Debug|Any CPU.Build.0 = Debug|Any CPU
		{7B5FF60D-1130-45A7-B7D1-1134480B692E}.Release|Any CPU.ActiveCfg = Release|Any CPU
		{7B5FF60D-1130-45A7-B7D1-1134480B692E}.Release|Any CPU.Build.0 = Release|Any CPU
		{9D18CCEE-9708-4158-A719-672137A26168}.Debug|Any CPU.ActiveCfg = Debug|Any CPU
		{9D18CCEE-9708-4158-A719-672137A26168}.Debug|Any CPU.Build.0 = Debug|Any CPU
		{9D18CCEE-9708-4158-A719-672137A26168}.Release|Any CPU.ActiveCfg = Release|Any CPU
		{9D18CCEE-9708-4158-A719-672137A26168}.Release|Any CPU.Build.0 = Release|Any CPU
	EndGlobalSection
	GlobalSection(SolutionProperties) = preSolution
		HideSolutionNode = FALSE
	EndGlobalSection
EndGlobal
