
Microsoft Visual Studio Solution File, Format Version 12.00
# Visual Studio 14
VisualStudioVersion = 14.0.25420.1
MinimumVisualStudioVersion = 10.0.40219.1
Project("{FAE04EC0-301F-11D3-BF4B-00C04F79EFBC}") = "Relatorios", "Relatorios.csproj", "{2225E299-2786-4BDC-BC48-C70C80204330}"
EndProject
Project("{FAE04EC0-301F-11D3-BF4B-00C04F79EFBC}") = "LibComponentes", "..\..\..\0_Libs\LibComponentes\LibComponentes\LibComponentes.csproj", "{B442B74F-78BF-4C0E-B648-B751D08C387E}"
EndProject
Global
	GlobalSection(SolutionConfigurationPlatforms) = preSolution
		Debug|Any CPU = Debug|Any CPU
		Debug|x86 = Debug|x86
		Release|Any CPU = Release|Any CPU
		Release|x86 = Release|x86
	EndGlobalSection
	GlobalSection(ProjectConfigurationPlatforms) = postSolution
		{2225E299-2786-4BDC-BC48-C70C80204330}.Debug|Any CPU.ActiveCfg = Debug|x86
		{2225E299-2786-4BDC-BC48-C70C80204330}.Debug|x86.ActiveCfg = Debug|x86
		{2225E299-2786-4BDC-BC48-C70C80204330}.Debug|x86.Build.0 = Debug|x86
		{2225E299-2786-4BDC-BC48-C70C80204330}.Release|Any CPU.ActiveCfg = Release|x86
		{2225E299-2786-4BDC-BC48-C70C80204330}.Release|x86.ActiveCfg = Release|x86
		{2225E299-2786-4BDC-BC48-C70C80204330}.Release|x86.Build.0 = Release|x86
		{B442B74F-78BF-4C0E-B648-B751D08C387E}.Debug|Any CPU.ActiveCfg = Debug|Any CPU
		{B442B74F-78BF-4C0E-B648-B751D08C387E}.Debug|Any CPU.Build.0 = Debug|Any CPU
		{B442B74F-78BF-4C0E-B648-B751D08C387E}.Debug|x86.ActiveCfg = Debug|Any CPU
		{B442B74F-78BF-4C0E-B648-B751D08C387E}.Debug|x86.Build.0 = Debug|Any CPU
		{B442B74F-78BF-4C0E-B648-B751D08C387E}.Release|Any CPU.ActiveCfg = Release|Any CPU
		{B442B74F-78BF-4C0E-B648-B751D08C387E}.Release|Any CPU.Build.0 = Release|Any CPU
		{B442B74F-78BF-4C0E-B648-B751D08C387E}.Release|x86.ActiveCfg = Release|Any CPU
		{B442B74F-78BF-4C0E-B648-B751D08C387E}.Release|x86.Build.0 = Release|Any CPU
	EndGlobalSection
	GlobalSection(SolutionProperties) = preSolution
		HideSolutionNode = FALSE
	EndGlobalSection
EndGlobal
