
Microsoft Visual Studio Solution File, Format Version 10.00
# Visual Studio 2008
Project("{FAE04EC0-301F-11D3-BF4B-00C04F79EFBC}") = "EspiaoDeArquivo", "EspiaoDeArquivo\EspiaoDeArquivo.csproj", "{E16B2153-5F59-4B75-BE7C-81EDBF5B9E18}"
EndProject
Project("{FAE04EC0-301F-11D3-BF4B-00C04F79EFBC}") = "Envia", "..\Mensagens\Mensagens\Envia\Envia\Envia.csproj", "{0B416CBF-36B9-4D05-8AC1-DDD9702A1397}"
EndProject
Project("{FAE04EC0-301F-11D3-BF4B-00C04F79EFBC}") = "Recebe", "..\Mensagens\Mensagens\Recebe\Recebe.csproj", "{40050660-252D-4A56-8BBA-E23C62AC31A5}"
EndProject
Project("{FAE04EC0-301F-11D3-BF4B-00C04F79EFBC}") = "Tag", "..\Curso_101109\9_Tag\Tag\Tag.csproj", "{851DC002-D64D-4CC9-B5C3-50EF29A2FE9C}"
EndProject
Project("{FAE04EC0-301F-11D3-BF4B-00C04F79EFBC}") = "Paint", "..\Curso_100405\8_Paint_Enum\Paint\Paint.csproj", "{8B0C14DC-9346-40B7-B971-D86A57461BCA}"
EndProject
Global
	GlobalSection(SolutionConfigurationPlatforms) = preSolution
		Debug|Any CPU = Debug|Any CPU
		Release|Any CPU = Release|Any CPU
	EndGlobalSection
	GlobalSection(ProjectConfigurationPlatforms) = postSolution
		{E16B2153-5F59-4B75-BE7C-81EDBF5B9E18}.Debug|Any CPU.ActiveCfg = Debug|Any CPU
		{E16B2153-5F59-4B75-BE7C-81EDBF5B9E18}.Debug|Any CPU.Build.0 = Debug|Any CPU
		{E16B2153-5F59-4B75-BE7C-81EDBF5B9E18}.Release|Any CPU.ActiveCfg = Release|Any CPU
		{E16B2153-5F59-4B75-BE7C-81EDBF5B9E18}.Release|Any CPU.Build.0 = Release|Any CPU
		{0B416CBF-36B9-4D05-8AC1-DDD9702A1397}.Debug|Any CPU.ActiveCfg = Debug|Any CPU
		{0B416CBF-36B9-4D05-8AC1-DDD9702A1397}.Debug|Any CPU.Build.0 = Debug|Any CPU
		{0B416CBF-36B9-4D05-8AC1-DDD9702A1397}.Release|Any CPU.ActiveCfg = Release|Any CPU
		{0B416CBF-36B9-4D05-8AC1-DDD9702A1397}.Release|Any CPU.Build.0 = Release|Any CPU
		{40050660-252D-4A56-8BBA-E23C62AC31A5}.Debug|Any CPU.ActiveCfg = Debug|Any CPU
		{40050660-252D-4A56-8BBA-E23C62AC31A5}.Debug|Any CPU.Build.0 = Debug|Any CPU
		{40050660-252D-4A56-8BBA-E23C62AC31A5}.Release|Any CPU.ActiveCfg = Release|Any CPU
		{40050660-252D-4A56-8BBA-E23C62AC31A5}.Release|Any CPU.Build.0 = Release|Any CPU
		{851DC002-D64D-4CC9-B5C3-50EF29A2FE9C}.Debug|Any CPU.ActiveCfg = Debug|Any CPU
		{851DC002-D64D-4CC9-B5C3-50EF29A2FE9C}.Debug|Any CPU.Build.0 = Debug|Any CPU
		{851DC002-D64D-4CC9-B5C3-50EF29A2FE9C}.Release|Any CPU.ActiveCfg = Release|Any CPU
		{851DC002-D64D-4CC9-B5C3-50EF29A2FE9C}.Release|Any CPU.Build.0 = Release|Any CPU
		{8B0C14DC-9346-40B7-B971-D86A57461BCA}.Debug|Any CPU.ActiveCfg = Debug|Any CPU
		{8B0C14DC-9346-40B7-B971-D86A57461BCA}.Debug|Any CPU.Build.0 = Debug|Any CPU
		{8B0C14DC-9346-40B7-B971-D86A57461BCA}.Release|Any CPU.ActiveCfg = Release|Any CPU
		{8B0C14DC-9346-40B7-B971-D86A57461BCA}.Release|Any CPU.Build.0 = Release|Any CPU
	EndGlobalSection
	GlobalSection(SolutionProperties) = preSolution
		HideSolutionNode = FALSE
	EndGlobalSection
EndGlobal
