
Microsoft Visual Studio Solution File, Format Version 11.00
# Visual Studio 2010
Project("{FAE04EC0-301F-11D3-BF4B-00C04F79EFBC}") = "EnaDisGroupBox", "EnaDisGroupBox.csproj", "{281AF6D3-F1DF-4DFD-BFCE-4D21176F406B}"
EndProject
Global
	GlobalSection(SolutionConfigurationPlatforms) = preSolution
		Debug|x86 = Debug|x86
		Release|x86 = Release|x86
	EndGlobalSection
	GlobalSection(ProjectConfigurationPlatforms) = postSolution
		{281AF6D3-F1DF-4DFD-BFCE-4D21176F406B}.Debug|x86.ActiveCfg = Debug|x86
		{281AF6D3-F1DF-4DFD-BFCE-4D21176F406B}.Debug|x86.Build.0 = Debug|x86
		{281AF6D3-F1DF-4DFD-BFCE-4D21176F406B}.Release|x86.ActiveCfg = Release|x86
		{281AF6D3-F1DF-4DFD-BFCE-4D21176F406B}.Release|x86.Build.0 = Release|x86
	EndGlobalSection
	GlobalSection(SolutionProperties) = preSolution
		HideSolutionNode = FALSE
	EndGlobalSection
EndGlobal
